
Microsoft Visual Studio Solution File, Format Version 12.00
# Visual Studio Version 17
VisualStudioVersion = 17.8.34219.65
MinimumVisualStudioVersion = 10.0.40219.1
Project("{FAE04EC0-301F-11D3-BF4B-00C04F79EFBC}") = "eTickets", "eTickets\eTickets.csproj", "{358FF4F1-7D0F-44A8-B185-6C9ECC0236BD}"
EndProject
Global
	GlobalSection(SolutionConfigurationPlatforms) = preSolution
		Debug|Any CPU = Debug|Any CPU
		Release|Any CPU = Release|Any CPU
	EndGlobalSection
	GlobalSection(ProjectConfigurationPlatforms) = postSolution
		{358FF4F1-7D0F-44A8-B185-6C9ECC0236BD}.Debug|Any CPU.ActiveCfg = Debug|Any CPU
		{358FF4F1-7D0F-44A8-B185-6C9ECC0236BD}.Debug|Any CPU.Build.0 = Debug|Any CPU
		{358FF4F1-7D0F-44A8-B185-6C9ECC0236BD}.Release|Any CPU.ActiveCfg = Release|Any CPU
		{358FF4F1-7D0F-44A8-B185-6C9ECC0236BD}.Release|Any CPU.Build.0 = Release|Any CPU
	EndGlobalSection
	GlobalSection(SolutionProperties) = preSolution
		HideSolutionNode = FALSE
	EndGlobalSection
	GlobalSection(ExtensibilityGlobals) = postSolution
		SolutionGuid = {5CC8EA37-2B4A-405B-AEB9-A2FD54088F7D}
	EndGlobalSection
EndGlobal
